// !$*UTF8*$!
{
	archiveVersion = 1;
	classes = {
	};
	objectVersion = 48;
	objects = {

/* Begin PBXBuildFile section */
		CE1954B92072559500EA5876 /* AppDelegate.m in Sources */ = {isa = PBXBuildFile; fileRef = CE1954B82072559500EA5876 /* AppDelegate.m */; };
		CE1954BC2072559500EA5876 /* ViewController.m in Sources */ = {isa = PBXBuildFile; fileRef = CE1954BB2072559500EA5876 /* ViewController.m */; };
		CE1954BF2072559500EA5876 /* Main.storyboard in Resources */ = {isa = PBXBuildFile; fileRef = CE1954BD2072559500EA5876 /* Main.storyboard */; };
		CE1954C12072559500EA5876 /* Assets.xcassets in Resources */ = {isa = PBXBuildFile; fileRef = CE1954C02072559500EA5876 /* Assets.xcassets */; };
		CE1954C42072559500EA5876 /* LaunchScreen.storyboard in Resources */ = {isa = PBXBuildFile; fileRef = CE1954C22072559500EA5876 /* LaunchScreen.storyboard */; };
		CE1954C72072559500EA5876 /* main.m in Sources */ = {isa = PBXBuildFile; fileRef = CE1954C62072559500EA5876 /* main.m */; };
		CE1954D12072559500EA5876 /* MyDemoTests.m in Sources */ = {isa = PBXBuildFile; fileRef = CE1954D02072559500EA5876 /* MyDemoTests.m */; };
		CE1954DC2072559500EA5876 /* MyDemoUITests.m in Sources */ = {isa = PBXBuildFile; fileRef = CE1954DB2072559500EA5876 /* MyDemoUITests.m */; };
		CEF84436207256D300E03763 /* libStaticDemo.a in Frameworks */ = {isa = PBXBuildFile; fileRef = CEF84437207256D300E03763 /* libStaticDemo.a */; settings = {ATTRIBUTES = (Required, ); }; };
/* End PBXBuildFile section */

/* Begin PBXContainerItemProxy section */
		CE1954CD2072559500EA5876 /* PBXContainerItemProxy */ = {
			isa = PBXContainerItemProxy;
			containerPortal = CE1954AC2072559500EA5876 /* Project object */;
			proxyType = 1;
			remoteGlobalIDString = CE1954B32072559500EA5876;
			remoteInfo = MyDemo;
		};
		CE1954D82072559500EA5876 /* PBXContainerItemProxy */ = {
			isa = PBXContainerItemProxy;
			containerPortal = CE1954AC2072559500EA5876 /* Project object */;
			proxyType = 1;
			remoteGlobalIDString = CE1954B32072559500EA5876;
			remoteInfo = MyDemo;
		};
/* End PBXContainerItemProxy section */

/* Begin PBXFileReference section */
		CE1954B42072559500EA5876 /* MyDemo.app */ = {isa = PBXFileReference; explicitFileType = wrapper.application; includeInIndex = 0; path = MyDemo.app; sourceTree = BUILT_PRODUCTS_DIR; };
		CE1954B72072559500EA5876 /* AppDelegate.h */ = {isa = PBXFileReference; lastKnownFileType = sourcecode.c.h; path = AppDelegate.h; sourceTree = "<group>"; };
		CE1954B82072559500EA5876 /* AppDelegate.m */ = {isa = PBXFileReference; lastKnownFileType = sourcecode.c.objc; path = AppDelegate.m; sourceTree = "<group>"; };
		CE1954BA2072559500EA5876 /* ViewController.h */ = {isa = PBXFileReference; lastKnownFileType = sourcecode.c.h; path = ViewController.h; sourceTree = "<group>"; };
		CE1954BB2072559500EA5876 /* ViewController.m */ = {isa = PBXFileReference; lastKnownFileType = sourcecode.c.objc; path = ViewController.m; sourceTree = "<group>"; };
		CE1954BE2072559500EA5876 /* Base */ = {isa = PBXFileReference; lastKnownFileType = file.storyboard; name = Base; path = Base.lproj/Main.storyboard; sourceTree = "<group>"; };
		CE1954C02072559500EA5876 /* Assets.xcassets */ = {isa = PBXFileReference; lastKnownFileType = folder.assetcatalog; path = Assets.xcassets; sourceTree = "<group>"; };
		CE1954C32072559500EA5876 /* Base */ = {isa = PBXFileReference; lastKnownFileType = file.storyboard; name = Base; path = Base.lproj/LaunchScreen.storyboard; sourceTree = "<group>"; };
		CE1954C52072559500EA5876 /* Info.plist */ = {isa = PBXFileReference; lastKnownFileType = text.plist.xml; path = Info.plist; sourceTree = "<group>"; };
		CE1954C62072559500EA5876 /* main.m */ = {isa = PBXFileReference; lastKnownFileType = sourcecode.c.objc; path = main.m; sourceTree = "<group>"; };
		CE1954CC2072559500EA5876 /* MyDemoTests.xctest */ = {isa = PBXFileReference; explicitFileType = wrapper.cfbundle; includeInIndex = 0; path = MyDemoTests.xctest; sourceTree = BUILT_PRODUCTS_DIR; };
		CE1954D02072559500EA5876 /* MyDemoTests.m */ = {isa = PBXFileReference; lastKnownFileType = sourcecode.c.objc; path = MyDemoTests.m; sourceTree = "<group>"; };
		CE1954D22072559500EA5876 /* Info.plist */ = {isa = PBXFileReference; lastKnownFileType = text.plist.xml; path = Info.plist; sourceTree = "<group>"; };
		CE1954D72072559500EA5876 /* MyDemoUITests.xctest */ = {isa = PBXFileReference; explicitFileType = wrapper.cfbundle; includeInIndex = 0; path = MyDemoUITests.xctest; sourceTree = BUILT_PRODUCTS_DIR; };
		CE1954DB2072559500EA5876 /* MyDemoUITests.m */ = {isa = PBXFileReference; lastKnownFileType = sourcecode.c.objc; path = MyDemoUITests.m; sourceTree = "<group>"; };
		CE1954DD2072559500EA5876 /* Info.plist */ = {isa = PBXFileReference; lastKnownFileType = text.plist.xml; path = Info.plist; sourceTree = "<group>"; };
		CEF84437207256D300E03763 /* libStaticDemo.a */ = {isa = PBXFileReference; explicitFileType = archive.ar; path = libStaticDemo.a; sourceTree = BUILT_PRODUCTS_DIR; };
/* End PBXFileReference section */

/* Begin PBXFrameworksBuildPhase section */
		CE1954B12072559500EA5876 /* Frameworks */ = {
			isa = PBXFrameworksBuildPhase;
			buildActionMask = 2147483647;
			files = (
				CEF84436207256D300E03763 /* libStaticDemo.a in Frameworks */,
			);
			runOnlyForDeploymentPostprocessing = 0;
		};
		CE1954C92072559500EA5876 /* Frameworks */ = {
			isa = PBXFrameworksBuildPhase;
			buildActionMask = 2147483647;
			files = (
			);
			runOnlyForDeploymentPostprocessing = 0;
		};
		CE1954D42072559500EA5876 /* Frameworks */ = {
			isa = PBXFrameworksBuildPhase;
			buildActionMask = 2147483647;
			files = (
			);
			runOnlyForDeploymentPostprocessing = 0;
		};
/* End PBXFrameworksBuildPhase section */

/* Begin PBXGroup section */
		CE1954AB2072559500EA5876 = {
			isa = PBXGroup;
			children = (
				CE1954B62072559500EA5876 /* MyDemo */,
				CE1954CF2072559500EA5876 /* MyDemoTests */,
				CE1954DA2072559500EA5876 /* MyDemoUITests */,
				CE1954B52072559500EA5876 /* Products */,
				CEF84435207256D300E03763 /* Frameworks */,
			);
			sourceTree = "<group>";
		};
		CE1954B52072559500EA5876 /* Products */ = {
			isa = PBXGroup;
			children = (
				CE1954B42072559500EA5876 /* MyDemo.app */,
				CE1954CC2072559500EA5876 /* MyDemoTests.xctest */,
				CE1954D72072559500EA5876 /* MyDemoUITests.xctest */,
			);
			name = Products;
			sourceTree = "<group>";
		};
		CE1954B62072559500EA5876 /* MyDemo */ = {
			isa = PBXGroup;
			children = (
				CE1954B72072559500EA5876 /* AppDelegate.h */,
				CE1954B82072559500EA5876 /* AppDelegate.m */,
				CE1954BA2072559500EA5876 /* ViewController.h */,
				CE1954BB2072559500EA5876 /* ViewController.m */,
				CE1954BD2072559500EA5876 /* Main.storyboard */,
				CE1954C02072559500EA5876 /* Assets.xcassets */,
				CE1954C22072559500EA5876 /* LaunchScreen.storyboard */,
				CE1954C52072559500EA5876 /* Info.plist */,
				CE1954C62072559500EA5876 /* main.m */,
			);
			path = MyDemo;
			sourceTree = "<group>";
		};
		CE1954CF2072559500EA5876 /* MyDemoTests */ = {
			isa = PBXGroup;
			children = (
				CE1954D02072559500EA5876 /* MyDemoTests.m */,
				CE1954D22072559500EA5876 /* Info.plist */,
			);
			path = MyDemoTests;
			sourceTree = "<group>";
		};
		CE1954DA2072559500EA5876 /* MyDemoUITests */ = {
			isa = PBXGroup;
			children = (
				CE1954DB2072559500EA5876 /* MyDemoUITests.m */,
				CE1954DD2072559500EA5876 /* Info.plist */,
			);
			path = MyDemoUITests;
			sourceTree = "<group>";
		};
		CEF84435207256D300E03763 /* Frameworks */ = {
			isa = PBXGroup;
			children = (
				CEF84437207256D300E03763 /* libStaticDemo.a */,
			);
			name = Frameworks;
			sourceTree = "<group>";
		};
/* End PBXGroup section */

/* Begin PBXNativeTarget section */
		CE1954B32072559500EA5876 /* MyDemo */ = {
			isa = PBXNativeTarget;
			buildConfigurationList = CE1954E02072559500EA5876 /* Build configuration list for PBXNativeTarget "MyDemo" */;
			buildPhases = (
				CE1954B02072559500EA5876 /* Sources */,
				CE1954B12072559500EA5876 /* Frameworks */,
				CE1954B22072559500EA5876 /* Resources */,
			);
			buildRules = (
			);
			dependencies = (
			);
			name = MyDemo;
			productName = MyDemo;
			productReference = CE1954B42072559500EA5876 /* MyDemo.app */;
			productType = "com.apple.product-type.application";
		};
		CE1954CB2072559500EA5876 /* MyDemoTests */ = {
			isa = PBXNativeTarget;
			buildConfigurationList = CE1954E32072559500EA5876 /* Build configuration list for PBXNativeTarget "MyDemoTests" */;
			buildPhases = (
				CE1954C82072559500EA5876 /* Sources */,
				CE1954C92072559500EA5876 /* Frameworks */,
				CE1954CA2072559500EA5876 /* Resources */,
			);
			buildRules = (
			);
			dependencies = (
				CE1954CE2072559500EA5876 /* PBXTargetDependency */,
			);
			name = MyDemoTests;
			productName = MyDemoTests;
			productReference = CE1954CC2072559500EA5876 /* MyDemoTests.xctest */;
			productType = "com.apple.product-type.bundle.unit-test";
		};
		CE1954D62072559500EA5876 /* MyDemoUITests */ = {
			isa = PBXNativeTarget;
			buildConfigurationList = CE1954E62072559500EA5876 /* Build configuration list for PBXNativeTarget "MyDemoUITests" */;
			buildPhases = (
				CE1954D32072559500EA5876 /* Sources */,
				CE1954D42072559500EA5876 /* Frameworks */,
				CE1954D52072559500EA5876 /* Resources */,
			);
			buildRules = (
			);
			dependencies = (
				CE1954D92072559500EA5876 /* PBXTargetDependency */,
			);
			name = MyDemoUITests;
			productName = MyDemoUITests;
			productReference = CE1954D72072559500EA5876 /* MyDemoUITests.xctest */;
			productType = "com.apple.product-type.bundle.ui-testing";
		};
/* End PBXNativeTarget section */

/* Begin PBXProject section */
		CE1954AC2072559500EA5876 /* Project object */ = {
			isa = PBXProject;
			attributes = {
				LastUpgradeCheck = 0920;
				ORGANIZATIONNAME = user;
				TargetAttributes = {
					CE1954B32072559500EA5876 = {
						CreatedOnToolsVersion = 9.2;
						ProvisioningStyle = Automatic;
					};
					CE1954CB2072559500EA5876 = {
						CreatedOnToolsVersion = 9.2;
						ProvisioningStyle = Automatic;
						TestTargetID = CE1954B32072559500EA5876;
					};
					CE1954D62072559500EA5876 = {
						CreatedOnToolsVersion = 9.2;
						ProvisioningStyle = Automatic;
						TestTargetID = CE1954B32072559500EA5876;
					};
				};
			};
			buildConfigurationList = CE1954AF2072559500EA5876 /* Build configuration list for PBXProject "MyDemo" */;
			compatibilityVersion = "Xcode 8.0";
			developmentRegion = en;
			hasScannedForEncodings = 0;
			knownRegions = (
				en,
				Base,
			);
			mainGroup = CE1954AB2072559500EA5876;
			productRefGroup = CE1954B52072559500EA5876 /* Products */;
			projectDirPath = "";
			projectRoot = "";
			targets = (
				CE1954B32072559500EA5876 /* MyDemo */,
				CE1954CB2072559500EA5876 /* MyDemoTests */,
				CE1954D62072559500EA5876 /* MyDemoUITests */,
			);
		};
/* End PBXProject section */

/* Begin PBXResourcesBuildPhase section */
		CE1954B22072559500EA5876 /* Resources */ = {
			isa = PBXResourcesBuildPhase;
			buildActionMask = 2147483647;
			files = (
				CE1954C42072559500EA5876 /* LaunchScreen.storyboard in Resources */,
				CE1954C12072559500EA5876 /* Assets.xcassets in Resources */,
				CE1954BF2072559500EA5876 /* Main.storyboard in Resources */,
			);
			runOnlyForDeploymentPostprocessing = 0;
		};
		CE1954CA2072559500EA5876 /* Resources */ = {
			isa = PBXResourcesBuildPhase;
			buildActionMask = 2147483647;
			files = (
			);
			runOnlyForDeploymentPostprocessing = 0;
		};
		CE1954D52072559500EA5876 /* Resources */ = {
			isa = PBXResourcesBuildPhase;
			buildActionMask = 2147483647;
			files = (
			);
			runOnlyForDeploymentPostprocessing = 0;
		};
/* End PBXResourcesBuildPhase section */

/* Begin PBXSourcesBuildPhase section */
		CE1954B02072559500EA5876 /* Sources */ = {
			isa = PBXSourcesBuildPhase;
			buildActionMask = 2147483647;
			files = (
				CE1954BC2072559500EA5876 /* ViewController.m in Sources */,
				CE1954C72072559500EA5876 /* main.m in Sources */,
				CE1954B92072559500EA5876 /* AppDelegate.m in Sources */,
			);
			runOnlyForDeploymentPostprocessing = 0;
		};
		CE1954C82072559500EA5876 /* Sources */ = {
			isa = PBXSourcesBuildPhase;
			buildActionMask = 2147483647;
			files = (
				CE1954D12072559500EA5876 /* MyDemoTests.m in Sources */,
			);
			runOnlyForDeploymentPostprocessing = 0;
		};
		CE1954D32072559500EA5876 /* Sources */ = {
			isa = PBXSourcesBuildPhase;
			buildActionMask = 2147483647;
			files = (
				CE1954DC2072559500EA5876 /* MyDemoUITests.m in Sources */,
			);
			runOnlyForDeploymentPostprocessing = 0;
		};
/* End PBXSourcesBuildPhase section */

/* Begin PBXTargetDependency section */
		CE1954CE2072559500EA5876 /* PBXTargetDependency */ = {
			isa = PBXTargetDependency;
			target = CE1954B32072559500EA5876 /* MyDemo */;
			targetProxy = CE1954CD2072559500EA5876 /* PBXContainerItemProxy */;
		};
		CE1954D92072559500EA5876 /* PBXTargetDependency */ = {
			isa = PBXTargetDependency;
			target = CE1954B32072559500EA5876 /* MyDemo */;
			targetProxy = CE1954D82072559500EA5876 /* PBXContainerItemProxy */;
		};
/* End PBXTargetDependency section */

/* Begin PBXVariantGroup section */
		CE1954BD2072559500EA5876 /* Main.storyboard */ = {
			isa = PBXVariantGroup;
			children = (
				CE1954BE2072559500EA5876 /* Base */,
			);
			name = Main.storyboard;
			sourceTree = "<group>";
		};
		CE1954C22072559500EA5876 /* LaunchScreen.storyboard */ = {
			isa = PBXVariantGroup;
			children = (
				CE1954C32072559500EA5876 /* Base */,
			);
			name = LaunchScreen.storyboard;
			sourceTree = "<group>";
		};
/* End PBXVariantGroup section */

/* Begin XCBuildConfiguration section */
		CE1954DE2072559500EA5876 /* Debug */ = {
			isa = XCBuildConfiguration;
			buildSettings = {
				ALWAYS_SEARCH_USER_PATHS = NO;
				CLANG_ANALYZER_NONNULL = YES;
				CLANG_ANALYZER_NUMBER_OBJECT_CONVERSION = YES_AGGRESSIVE;
				CLANG_CXX_LANGUAGE_STANDARD = "gnu++14";
				CLANG_CXX_LIBRARY = "libc++";
				CLANG_ENABLE_MODULES = YES;
				CLANG_ENABLE_OBJC_ARC = YES;
				CLANG_WARN_BLOCK_CAPTURE_AUTORELEASING = YES;
				CLANG_WARN_BOOL_CONVERSION = YES;
				CLANG_WARN_COMMA = YES;
				CLANG_WARN_CONSTANT_CONVERSION = YES;
				CLANG_WARN_DIRECT_OBJC_ISA_USAGE = YES_ERROR;
				CLANG_WARN_DOCUMENTATION_COMMENTS = YES;
				CLANG_WARN_EMPTY_BODY = YES;
				CLANG_WARN_ENUM_CONVERSION = YES;
				CLANG_WARN_INFINITE_RECURSION = YES;
				CLANG_WARN_INT_CONVERSION = YES;
				CLANG_WARN_NON_LITERAL_NULL_CONVERSION = YES;
				CLANG_WARN_OBJC_LITERAL_CONVERSION = YES;
				CLANG_WARN_OBJC_ROOT_CLASS = YES_ERROR;
				CLANG_WARN_RANGE_LOOP_ANALYSIS = YES;
				CLANG_WARN_STRICT_PROTOTYPES = YES;
				CLANG_WARN_SUSPICIOUS_MOVE = YES;
				CLANG_WARN_UNGUARDED_AVAILABILITY = YES_AGGRESSIVE;
				CLANG_WARN_UNREACHABLE_CODE = YES;
				CLANG_WARN__DUPLICATE_METHOD_MATCH = YES;
				CODE_SIGN_IDENTITY = "iPhone Developer";
				COPY_PHASE_STRIP = NO;
				DEBUG_INFORMATION_FORMAT = dwarf;
				ENABLE_STRICT_OBJC_MSGSEND = YES;
				ENABLE_TESTABILITY = YES;
				GCC_C_LANGUAGE_STANDARD = gnu11;
				GCC_DYNAMIC_NO_PIC = NO;
				GCC_NO_COMMON_BLOCKS = YES;
				GCC_OPTIMIZATION_LEVEL = 0;
				GCC_PREPROCESSOR_DEFINITIONS = (
					"DEBUG=1",
					"$(inherited)",
				);
				GCC_WARN_64_TO_32_BIT_CONVERSION = YES;
				GCC_WARN_ABOUT_RETURN_TYPE = YES_ERROR;
				GCC_WARN_UNDECLARED_SELECTOR = YES;
				GCC_WARN_UNINITIALIZED_AUTOS = YES_AGGRESSIVE;
				GCC_WARN_UNUSED_FUNCTION = YES;
				GCC_WARN_UNUSED_VARIABLE = YES;
				IPHONEOS_DEPLOYMENT_TARGET = 11.2;
				MTL_ENABLE_DEBUG_INFO = YES;
				ONLY_ACTIVE_ARCH = YES;
				SDKROOT = iphoneos;
			};
			name = Debug;
		};
		CE1954DF2072559500EA5876 /* Release */ = {
			isa = XCBuildConfiguration;
			buildSettings = {
				ALWAYS_SEARCH_USER_PATHS = NO;
				CLANG_ANALYZER_NONNULL = YES;
				CLANG_ANALYZER_NUMBER_OBJECT_CONVERSION = YES_AGGRESSIVE;
				CLANG_CXX_LANGUAGE_STANDARD = "gnu++14";
				CLANG_CXX_LIBRARY = "libc++";
				CLANG_ENABLE_MODULES = YES;
				CLANG_ENABLE_OBJC_ARC = YES;
				CLANG_WARN_BLOCK_CAPTURE_AUTORELEASING = YES;
				CLANG_WARN_BOOL_CONVERSION = YES;
				CLANG_WARN_COMMA = YES;
				CLANG_WARN_CONSTANT_CONVERSION = YES;
				CLANG_WARN_DIRECT_OBJC_ISA_USAGE = YES_ERROR;
				CLANG_WARN_DOCUMENTATION_COMMENTS = YES;
				CLANG_WARN_EMPTY_BODY = YES;
				CLANG_WARN_ENUM_CONVERSION = YES;
				CLANG_WARN_INFINITE_RECURSION = YES;
				CLANG_WARN_INT_CONVERSION = YES;
				CLANG_WARN_NON_LITERAL_NULL_CONVERSION = YES;
				CLANG_WARN_OBJC_LITERAL_CONVERSION = YES;
				CLANG_WARN_OBJC_ROOT_CLASS = YES_ERROR;
				CLANG_WARN_RANGE_LOOP_ANALYSIS = YES;
				CLANG_WARN_STRICT_PROTOTYPES = YES;
				CLANG_WARN_SUSPICIOUS_MOVE = YES;
				CLANG_WARN_UNGUARDED_AVAILABILITY = YES_AGGRESSIVE;
				CLANG_WARN_UNREACHABLE_CODE = YES;
				CLANG_WARN__DUPLICATE_METHOD_MATCH = YES;
				CODE_SIGN_IDENTITY = "iPhone Developer";
				COPY_PHASE_STRIP = NO;
				DEBUG_INFORMATION_FORMAT = "dwarf-with-dsym";
				ENABLE_NS_ASSERTIONS = NO;
				ENABLE_STRICT_OBJC_MSGSEND = YES;
				GCC_C_LANGUAGE_STANDARD = gnu11;
				GCC_NO_COMMON_BLOCKS = YES;
				GCC_WARN_64_TO_32_BIT_CONVERSION = YES;
				GCC_WARN_ABOUT_RETURN_TYPE = YES_ERROR;
				GCC_WARN_UNDECLARED_SELECTOR = YES;
				GCC_WARN_UNINITIALIZED_AUTOS = YES_AGGRESSIVE;
				GCC_WARN_UNUSED_FUNCTION = YES;
				GCC_WARN_UNUSED_VARIABLE = YES;
				IPHONEOS_DEPLOYMENT_TARGET = 11.2;
				MTL_ENABLE_DEBUG_INFO = NO;
				SDKROOT = iphoneos;
				VALIDATE_PRODUCT = YES;
			};
			name = Release;
		};
		CE1954E12072559500EA5876 /* Debug */ = {
			isa = XCBuildConfiguration;
			buildSettings = {
				ASSETCATALOG_COMPILER_APPICON_NAME = AppIcon;
				CODE_SIGN_STYLE = Automatic;
				DEVELOPMENT_TEAM = BJ9UUVAJZM;
				INFOPLIST_FILE = MyDemo/Info.plist;
				LD_RUNPATH_SEARCH_PATHS = "$(inherited) @executable_path/Frameworks";
				PRODUCT_BUNDLE_IDENTIFIER = zht.MyDemo;
				PRODUCT_NAME = "$(TARGET_NAME)";
				TARGETED_DEVICE_FAMILY = "1,2";
				USER_HEADER_SEARCH_PATHS = "$(SRCROOT)/StaticDemo";
			};
			name = Debug;
		};
		CE1954E22072559500EA5876 /* Release */ = {
			isa = XCBuildConfiguration;
			buildSettings = {
				ASSETCATALOG_COMPILER_APPICON_NAME = AppIcon;
				CODE_SIGN_STYLE = Automatic;
				DEVELOPMENT_TEAM = BJ9UUVAJZM;
				INFOPLIST_FILE = MyDemo/Info.plist;
				LD_RUNPATH_SEARCH_PATHS = "$(inherited) @executable_path/Frameworks";
				PRODUCT_BUNDLE_IDENTIFIER = zht.MyDemo;
				PRODUCT_NAME = "$(TARGET_NAME)";
				TARGETED_DEVICE_FAMILY = "1,2";
				USER_HEADER_SEARCH_PATHS = "$(SRCROOT)/StaticDemo";
			};
			name = Release;
		};
		CE1954E42072559500EA5876 /* Debug */ = {
			isa = XCBuildConfiguration;
			buildSettings = {
				BUNDLE_LOADER = "$(TEST_HOST)";
				CODE_SIGN_STYLE = Automatic;
				DEVELOPMENT_TEAM = BJ9UUVAJZM;
				INFOPLIST_FILE = MyDemoTests/Info.plist;
				LD_RUNPATH_SEARCH_PATHS = "$(inherited) @executable_path/Frameworks @loader_path/Frameworks";
				PRODUCT_BUNDLE_IDENTIFIER = zht.MyDemoTests;
				PRODUCT_NAME = "$(TARGET_NAME)";
				TARGETED_DEVICE_FAMILY = "1,2";
				TEST_HOST = "$(BUILT_PRODUCTS_DIR)/MyDemo.app/MyDemo";
			};
			name = Debug;
		};
		CE1954E52072559500EA5876 /* Release */ = {
			isa = XCBuildConfiguration;
			buildSettings = {
				BUNDLE_LOADER = "$(TEST_HOST)";
				CODE_SIGN_STYLE = Automatic;
				DEVELOPMENT_TEAM = BJ9UUVAJZM;
				INFOPLIST_FILE = MyDemoTests/Info.plist;
				LD_RUNPATH_SEARCH_PATHS = "$(inherited) @executable_path/Frameworks @loader_path/Frameworks";
				PRODUCT_BUNDLE_IDENTIFIER = zht.MyDemoTests;
				PRODUCT_NAME = "$(TARGET_NAME)";
				TARGETED_DEVICE_FAMILY = "1,2";
				TEST_HOST = "$(BUILT_PRODUCTS_DIR)/MyDemo.app/MyDemo";
			};
			name = Release;
		};
		CE1954E72072559500EA5876 /* Debug */ = {
			isa = XCBuildConfiguration;
			buildSettings = {
				CODE_SIGN_STYLE = Automatic;
				DEVELOPMENT_TEAM = BJ9UUVAJZM;
				INFOPLIST_FILE = MyDemoUITests/Info.plist;
				LD_RUNPATH_SEARCH_PATHS = "$(inherited) @executable_path/Frameworks @loader_path/Frameworks";
				PRODUCT_BUNDLE_IDENTIFIER = zht.MyDemoUITests;
				PRODUCT_NAME = "$(TARGET_NAME)";
				TARGETED_DEVICE_FAMILY = "1,2";
				TEST_TARGET_NAME = MyDemo;
			};
			name = Debug;
		};
		CE1954E82072559500EA5876 /* Release */ = {
			isa = XCBuildConfiguration;
			buildSettings = {
				CODE_SIGN_STYLE = Automatic;
				DEVELOPMENT_TEAM = BJ9UUVAJZM;
				INFOPLIST_FILE = MyDemoUITests/Info.plist;
				LD_RUNPATH_SEARCH_PATHS = "$(inherited) @executable_path/Frameworks @loader_path/Frameworks";
				PRODUCT_BUNDLE_IDENTIFIER = zht.MyDemoUITests;
				PRODUCT_NAME = "$(TARGET_NAME)";
				TARGETED_DEVICE_FAMILY = "1,2";
				TEST_TARGET_NAME = MyDemo;
			};
			name = Release;
		};
/* End XCBuildConfiguration section */

/* Begin XCConfigurationList section */
		CE1954AF2072559500EA5876 /* Build configuration list for PBXProject "MyDemo" */ = {
			isa = XCConfigurationList;
			buildConfigurations = (
				CE1954DE2072559500EA5876 /* Debug */,
				CE1954DF2072559500EA5876 /* Release */,
			);
			defaultConfigurationIsVisible = 0;
			defaultConfigurationName = Release;
		};
		CE1954E02072559500EA5876 /* Build configuration list for PBXNativeTarget "MyDemo" */ = {
			isa = XCConfigurationList;
			buildConfigurations = (
				CE1954E12072559500EA5876 /* Debug */,
				CE1954E22072559500EA5876 /* Release */,
			);
			defaultConfigurationIsVisible = 0;
			defaultConfigurationName = Release;
		};
		CE1954E32072559500EA5876 /* Build configuration list for PBXNativeTarget "MyDemoTests" */ = {
			isa = XCConfigurationList;
			buildConfigurations = (
				CE1954E42072559500EA5876 /* Debug */,
				CE1954E52072559500EA5876 /* Release */,
			);
			defaultConfigurationIsVisible = 0;
			defaultConfigurationName = Release;
		};
		CE1954E62072559500EA5876 /* Build configuration list for PBXNativeTarget "MyDemoUITests" */ = {
			isa = XCConfigurationList;
			buildConfigurations = (
				CE1954E72072559500EA5876 /* Debug */,
				CE1954E82072559500EA5876 /* Release */,
			);
			defaultConfigurationIsVisible = 0;
			defaultConfigurationName = Release;
		};
/* End XCConfigurationList section */
	};
	rootObject = CE1954AC2072559500EA5876 /* Project object */;
}
